// !$*UTF8*$!
{
	archiveVersion = 1;
	classes = {
	};
	objectVersion = 55;
	objects = {

/* Begin PBXBuildFile section */
		0FAE1BB72A37B47F007219B2 /* liblibGimbal.a in Frameworks */ = {isa = PBXBuildFile; fileRef = 0FAE1BB42A37B470007219B2 /* liblibGimbal.a */; };
		0FAE1BB82A37B47F007219B2 /* libtinycthread.a in Frameworks */ = {isa = PBXBuildFile; fileRef = 0FAE1BB62A37B470007219B2 /* libtinycthread.a */; };
		0FAE1BB92A37B47F007219B2 /* libTinyRegexC.a in Frameworks */ = {isa = PBXBuildFile; fileRef = 0FAE1BB22A37B470007219B2 /* libTinyRegexC.a */; };
		0FE37F942A36388A00322F94 /* gimbalsaurus.docc in Sources */ = {isa = PBXBuildFile; fileRef = 0FE37F932A36388A00322F94 /* gimbalsaurus.docc */; };
		0FE37F9A2A36388B00322F94 /* gimbalsaurus.framework in Frameworks */ = {isa = PBXBuildFile; fileRef = 0FE37F8F2A36388A00322F94 /* gimbalsaurus.framework */; };
		0FE37F9F2A36388B00322F94 /* gimbalsaurusTests.m in Sources */ = {isa = PBXBuildFile; fileRef = 0FE37F9E2A36388B00322F94 /* gimbalsaurusTests.m */; };
		0FE37FA02A36388B00322F94 /* gimbalsaurus.h in Headers */ = {isa = PBXBuildFile; fileRef = 0FE37F922A36388A00322F94 /* gimbalsaurus.h */; settings = {ATTRIBUTES = (Public, ); }; };
		0FE37FB62A363DCF00322F94 /* gimbalsaurus_core.h in Headers */ = {isa = PBXBuildFile; fileRef = 0FE37FB52A363DCF00322F94 /* gimbalsaurus_core.h */; settings = {ATTRIBUTES = (Public, ); }; };
		0FE37FB92A363DF900322F94 /* gimbalsaurus_algorithms.h in Headers */ = {isa = PBXBuildFile; fileRef = 0FE37FB82A363DF600322F94 /* gimbalsaurus_algorithms.h */; settings = {ATTRIBUTES = (Public, ); }; };
		0FE37FBA2A363DFC00322F94 /* gimbalsaurus_containers.h in Headers */ = {isa = PBXBuildFile; fileRef = 0FE37FB72A363DE000322F94 /* gimbalsaurus_containers.h */; settings = {ATTRIBUTES = (Public, ); }; };
		0FE37FBC2A363E0A00322F94 /* gimbalsaurus_allocators.h in Headers */ = {isa = PBXBuildFile; fileRef = 0FE37FBB2A363E0A00322F94 /* gimbalsaurus_allocators.h */; settings = {ATTRIBUTES = (Public, ); }; };
		0FE37FC12A3641C400322F94 /* gimbalsaurus_strings.h in Headers */ = {isa = PBXBuildFile; fileRef = 0FE37FC02A3641C400322F94 /* gimbalsaurus_strings.h */; settings = {ATTRIBUTES = (Public, ); }; };
		0FE37FC42A3641F100322F94 /* gimbalsaurus_platform.h in Headers */ = {isa = PBXBuildFile; fileRef = 0FE37FC22A3641CF00322F94 /* gimbalsaurus_platform.h */; settings = {ATTRIBUTES = (Public, ); }; };
		0FE37FC52A3641F700322F94 /* gimbalsaurus_meta.h in Headers */ = {isa = PBXBuildFile; fileRef = 0FE37FC32A3641D800322F94 /* gimbalsaurus_meta.h */; settings = {ATTRIBUTES = (Public, ); }; };
		0FE37FC82A3643FE00322F94 /* GblSaurusObject.h in Headers */ = {isa = PBXBuildFile; fileRef = 0FE37FC62A3643FE00322F94 /* GblSaurusObject.h */; settings = {ATTRIBUTES = (Public, ); }; };
		0FE37FC92A3643FE00322F94 /* GblSaurusObject.m in Sources */ = {isa = PBXBuildFile; fileRef = 0FE37FC72A3643FE00322F94 /* GblSaurusObject.m */; };
/* End PBXBuildFile section */

/* Begin PBXContainerItemProxy section */
		0FAE1BAF2A37B470007219B2 /* PBXContainerItemProxy */ = {
			isa = PBXContainerItemProxy;
			containerPortal = 0FAE1BA62A37B470007219B2 /* LibGimbal.xcodeproj */;
			proxyType = 2;
			remoteGlobalIDString = DC764B6A3506457292156FB6;
			remoteInfo = GimbalTests;
		};
		0FAE1BB12A37B470007219B2 /* PBXContainerItemProxy */ = {
			isa = PBXContainerItemProxy;
			containerPortal = 0FAE1BA62A37B470007219B2 /* LibGimbal.xcodeproj */;
			proxyType = 2;
			remoteGlobalIDString = B0CE33FA47484312B9FB249D;
			remoteInfo = TinyRegexC;
		};
		0FAE1BB32A37B470007219B2 /* PBXContainerItemProxy */ = {
			isa = PBXContainerItemProxy;
			containerPortal = 0FAE1BA62A37B470007219B2 /* LibGimbal.xcodeproj */;
			proxyType = 2;
			remoteGlobalIDString = C60B49F571A94673ABF12DE3;
			remoteInfo = libGimbal;
		};
		0FAE1BB52A37B470007219B2 /* PBXContainerItemProxy */ = {
			isa = PBXContainerItemProxy;
			containerPortal = 0FAE1BA62A37B470007219B2 /* LibGimbal.xcodeproj */;
			proxyType = 2;
			remoteGlobalIDString = 7B4CFC24F6054FC2840CCDF9;
			remoteInfo = tinycthread;
		};
		0FAE1BBE2A37BBA2007219B2 /* PBXContainerItemProxy */ = {
			isa = PBXContainerItemProxy;
			containerPortal = 0FAE1BA62A37B470007219B2 /* LibGimbal.xcodeproj */;
			proxyType = 1;
			remoteGlobalIDString = 63B04B89ECDC4DC98D51F001;
			remoteInfo = ALL_BUILD;
		};
		0FE37F9B2A36388B00322F94 /* PBXContainerItemProxy */ = {
			isa = PBXContainerItemProxy;
			containerPortal = 0FE37F862A36388A00322F94 /* Project object */;
			proxyType = 1;
			remoteGlobalIDString = 0FE37F8E2A36388A00322F94;
			remoteInfo = gimbalsaurus;
		};
/* End PBXContainerItemProxy section */

/* Begin PBXCopyFilesBuildPhase section */
		0FAE1BA52A377BD0007219B2 /* Embed Frameworks */ = {
			isa = PBXCopyFilesBuildPhase;
			buildActionMask = 2147483647;
			dstPath = "";
			dstSubfolderSpec = 10;
			files = (
			);
			name = "Embed Frameworks";
			runOnlyForDeploymentPostprocessing = 0;
		};
/* End PBXCopyFilesBuildPhase section */

/* Begin PBXFileReference section */
		0FAE1BA62A37B470007219B2 /* LibGimbal.xcodeproj */ = {isa = PBXFileReference; lastKnownFileType = "wrapper.pb-project"; name = LibGimbal.xcodeproj; path = ../build/LibGimbal.xcodeproj; sourceTree = "<group>"; };
		0FE37F8F2A36388A00322F94 /* gimbalsaurus.framework */ = {isa = PBXFileReference; explicitFileType = wrapper.framework; includeInIndex = 0; path = gimbalsaurus.framework; sourceTree = BUILT_PRODUCTS_DIR; };
		0FE37F922A36388A00322F94 /* gimbalsaurus.h */ = {isa = PBXFileReference; lastKnownFileType = sourcecode.c.h; path = gimbalsaurus.h; sourceTree = "<group>"; };
		0FE37F932A36388A00322F94 /* gimbalsaurus.docc */ = {isa = PBXFileReference; lastKnownFileType = folder.documentationcatalog; path = gimbalsaurus.docc; sourceTree = "<group>"; };
		0FE37F992A36388B00322F94 /* gimbalsaurusTests.xctest */ = {isa = PBXFileReference; explicitFileType = wrapper.cfbundle; includeInIndex = 0; path = gimbalsaurusTests.xctest; sourceTree = BUILT_PRODUCTS_DIR; };
		0FE37F9E2A36388B00322F94 /* gimbalsaurusTests.m */ = {isa = PBXFileReference; lastKnownFileType = sourcecode.c.objc; path = gimbalsaurusTests.m; sourceTree = "<group>"; };
		0FE37FB52A363DCF00322F94 /* gimbalsaurus_core.h */ = {isa = PBXFileReference; lastKnownFileType = sourcecode.c.h; path = gimbalsaurus_core.h; sourceTree = "<group>"; };
		0FE37FB72A363DE000322F94 /* gimbalsaurus_containers.h */ = {isa = PBXFileReference; lastKnownFileType = sourcecode.c.h; path = gimbalsaurus_containers.h; sourceTree = "<group>"; };
		0FE37FB82A363DF600322F94 /* gimbalsaurus_algorithms.h */ = {isa = PBXFileReference; lastKnownFileType = sourcecode.c.h; path = gimbalsaurus_algorithms.h; sourceTree = "<group>"; };
		0FE37FBB2A363E0A00322F94 /* gimbalsaurus_allocators.h */ = {isa = PBXFileReference; lastKnownFileType = sourcecode.c.h; path = gimbalsaurus_allocators.h; sourceTree = "<group>"; };
		0FE37FC02A3641C400322F94 /* gimbalsaurus_strings.h */ = {isa = PBXFileReference; lastKnownFileType = sourcecode.c.h; path = gimbalsaurus_strings.h; sourceTree = "<group>"; };
		0FE37FC22A3641CF00322F94 /* gimbalsaurus_platform.h */ = {isa = PBXFileReference; lastKnownFileType = sourcecode.c.h; path = gimbalsaurus_platform.h; sourceTree = "<group>"; };
		0FE37FC32A3641D800322F94 /* gimbalsaurus_meta.h */ = {isa = PBXFileReference; lastKnownFileType = sourcecode.c.h; path = gimbalsaurus_meta.h; sourceTree = "<group>"; };
		0FE37FC62A3643FE00322F94 /* GblSaurusObject.h */ = {isa = PBXFileReference; lastKnownFileType = sourcecode.c.h; path = GblSaurusObject.h; sourceTree = "<group>"; };
		0FE37FC72A3643FE00322F94 /* GblSaurusObject.m */ = {isa = PBXFileReference; lastKnownFileType = sourcecode.c.objc; path = GblSaurusObject.m; sourceTree = "<group>"; };
/* End PBXFileReference section */

/* Begin PBXFrameworksBuildPhase section */
		0FE37F8C2A36388A00322F94 /* Frameworks */ = {
			isa = PBXFrameworksBuildPhase;
			buildActionMask = 2147483647;
			files = (
				0FAE1BB72A37B47F007219B2 /* liblibGimbal.a in Frameworks */,
				0FAE1BB82A37B47F007219B2 /* libtinycthread.a in Frameworks */,
				0FAE1BB92A37B47F007219B2 /* libTinyRegexC.a in Frameworks */,
			);
			runOnlyForDeploymentPostprocessing = 0;
		};
		0FE37F962A36388B00322F94 /* Frameworks */ = {
			isa = PBXFrameworksBuildPhase;
			buildActionMask = 2147483647;
			files = (
				0FE37F9A2A36388B00322F94 /* gimbalsaurus.framework in Frameworks */,
			);
			runOnlyForDeploymentPostprocessing = 0;
		};
/* End PBXFrameworksBuildPhase section */

/* Begin PBXGroup section */
		0FAE1BA72A37B470007219B2 /* Products */ = {
			isa = PBXGroup;
			children = (
				0FAE1BB02A37B470007219B2 /* GimbalTests */,
				0FAE1BB22A37B470007219B2 /* libTinyRegexC.a */,
				0FAE1BB42A37B470007219B2 /* liblibGimbal.a */,
				0FAE1BB62A37B470007219B2 /* libtinycthread.a */,
			);
			name = Products;
			sourceTree = "<group>";
		};
		0FE37F852A36388A00322F94 = {
			isa = PBXGroup;
			children = (
				0FAE1BA62A37B470007219B2 /* LibGimbal.xcodeproj */,
				0FE37F912A36388A00322F94 /* gimbalsaurus */,
				0FE37F9D2A36388B00322F94 /* gimbalsaurusTests */,
				0FE37F902A36388A00322F94 /* Products */,
				0FE37FA92A3638CE00322F94 /* Frameworks */,
			);
			sourceTree = "<group>";
		};
		0FE37F902A36388A00322F94 /* Products */ = {
			isa = PBXGroup;
			children = (
				0FE37F8F2A36388A00322F94 /* gimbalsaurus.framework */,
				0FE37F992A36388B00322F94 /* gimbalsaurusTests.xctest */,
			);
			name = Products;
			sourceTree = "<group>";
		};
		0FE37F912A36388A00322F94 /* gimbalsaurus */ = {
			isa = PBXGroup;
			children = (
				0FE37FBF2A3641B100322F94 /* strings */,
				0FE37FBE2A3641A400322F94 /* platform */,
				0FE37FBD2A36419F00322F94 /* meta */,
				0FE37FB42A363D6900322F94 /* allocators */,
				0FE37FB32A363D5400322F94 /* algorithms */,
				0FE37FB22A363D4C00322F94 /* containers */,
				0FE37FB12A363D4000322F94 /* core */,
				0FE37F922A36388A00322F94 /* gimbalsaurus.h */,
				0FE37F932A36388A00322F94 /* gimbalsaurus.docc */,
			);
			path = gimbalsaurus;
			sourceTree = "<group>";
		};
		0FE37F9D2A36388B00322F94 /* gimbalsaurusTests */ = {
			isa = PBXGroup;
			children = (
				0FE37F9E2A36388B00322F94 /* gimbalsaurusTests.m */,
			);
			path = gimbalsaurusTests;
			sourceTree = "<group>";
		};
		0FE37FA92A3638CE00322F94 /* Frameworks */ = {
			isa = PBXGroup;
			children = (
			);
			name = Frameworks;
			sourceTree = "<group>";
		};
		0FE37FB12A363D4000322F94 /* core */ = {
			isa = PBXGroup;
			children = (
				0FE37FB52A363DCF00322F94 /* gimbalsaurus_core.h */,
			);
			path = core;
			sourceTree = "<group>";
		};
		0FE37FB22A363D4C00322F94 /* containers */ = {
			isa = PBXGroup;
			children = (
				0FE37FB72A363DE000322F94 /* gimbalsaurus_containers.h */,
			);
			path = containers;
			sourceTree = "<group>";
		};
		0FE37FB32A363D5400322F94 /* algorithms */ = {
			isa = PBXGroup;
			children = (
				0FE37FB82A363DF600322F94 /* gimbalsaurus_algorithms.h */,
			);
			path = algorithms;
			sourceTree = "<group>";
		};
		0FE37FB42A363D6900322F94 /* allocators */ = {
			isa = PBXGroup;
			children = (
				0FE37FBB2A363E0A00322F94 /* gimbalsaurus_allocators.h */,
			);
			path = allocators;
			sourceTree = "<group>";
		};
		0FE37FBD2A36419F00322F94 /* meta */ = {
			isa = PBXGroup;
			children = (
				0FE37FC32A3641D800322F94 /* gimbalsaurus_meta.h */,
				0FE37FC62A3643FE00322F94 /* GblSaurusObject.h */,
				0FE37FC72A3643FE00322F94 /* GblSaurusObject.m */,
			);
			path = meta;
			sourceTree = "<group>";
		};
		0FE37FBE2A3641A400322F94 /* platform */ = {
			isa = PBXGroup;
			children = (
				0FE37FC22A3641CF00322F94 /* gimbalsaurus_platform.h */,
			);
			path = platform;
			sourceTree = "<group>";
		};
		0FE37FBF2A3641B100322F94 /* strings */ = {
			isa = PBXGroup;
			children = (
				0FE37FC02A3641C400322F94 /* gimbalsaurus_strings.h */,
			);
			path = strings;
			sourceTree = "<group>";
		};
/* End PBXGroup section */

/* Begin PBXHeadersBuildPhase section */
		0FE37F8A2A36388A00322F94 /* Headers */ = {
			isa = PBXHeadersBuildPhase;
			buildActionMask = 2147483647;
			files = (
				0FE37FC12A3641C400322F94 /* gimbalsaurus_strings.h in Headers */,
				0FE37FB92A363DF900322F94 /* gimbalsaurus_algorithms.h in Headers */,
				0FE37FC82A3643FE00322F94 /* GblSaurusObject.h in Headers */,
				0FE37FB62A363DCF00322F94 /* gimbalsaurus_core.h in Headers */,
				0FE37FA02A36388B00322F94 /* gimbalsaurus.h in Headers */,
				0FE37FC42A3641F100322F94 /* gimbalsaurus_platform.h in Headers */,
				0FE37FBC2A363E0A00322F94 /* gimbalsaurus_allocators.h in Headers */,
				0FE37FC52A3641F700322F94 /* gimbalsaurus_meta.h in Headers */,
				0FE37FBA2A363DFC00322F94 /* gimbalsaurus_containers.h in Headers */,
			);
			runOnlyForDeploymentPostprocessing = 0;
		};
/* End PBXHeadersBuildPhase section */

/* Begin PBXNativeTarget section */
		0FE37F8E2A36388A00322F94 /* gimbalsaurus */ = {
			isa = PBXNativeTarget;
			buildConfigurationList = 0FE37FA32A36388B00322F94 /* Build configuration list for PBXNativeTarget "gimbalsaurus" */;
			buildPhases = (
				0FE37F8A2A36388A00322F94 /* Headers */,
				0FE37F8B2A36388A00322F94 /* Sources */,
				0FE37F8C2A36388A00322F94 /* Frameworks */,
				0FE37F8D2A36388A00322F94 /* Resources */,
				0FAE1BA52A377BD0007219B2 /* Embed Frameworks */,
			);
			buildRules = (
			);
			dependencies = (
				0FAE1BBF2A37BBA2007219B2 /* PBXTargetDependency */,
			);
			name = gimbalsaurus;
			productName = gimbalsaurus;
			productReference = 0FE37F8F2A36388A00322F94 /* gimbalsaurus.framework */;
			productType = "com.apple.product-type.framework";
		};
		0FE37F982A36388B00322F94 /* gimbalsaurusTests */ = {
			isa = PBXNativeTarget;
			buildConfigurationList = 0FE37FA62A36388B00322F94 /* Build configuration list for PBXNativeTarget "gimbalsaurusTests" */;
			buildPhases = (
				0FE37F952A36388B00322F94 /* Sources */,
				0FE37F962A36388B00322F94 /* Frameworks */,
				0FE37F972A36388B00322F94 /* Resources */,
			);
			buildRules = (
			);
			dependencies = (
				0FE37F9C2A36388B00322F94 /* PBXTargetDependency */,
			);
			name = gimbalsaurusTests;
			productName = gimbalsaurusTests;
			productReference = 0FE37F992A36388B00322F94 /* gimbalsaurusTests.xctest */;
			productType = "com.apple.product-type.bundle.unit-test";
		};
/* End PBXNativeTarget section */

/* Begin PBXProject section */
		0FE37F862A36388A00322F94 /* Project object */ = {
			isa = PBXProject;
			attributes = {
				BuildIndependentTargetsInParallel = 1;
				LastUpgradeCheck = 1340;
				TargetAttributes = {
					0FE37F8E2A36388A00322F94 = {
						CreatedOnToolsVersion = 13.4.1;
					};
					0FE37F982A36388B00322F94 = {
						CreatedOnToolsVersion = 13.4.1;
					};
				};
			};
			buildConfigurationList = 0FE37F892A36388A00322F94 /* Build configuration list for PBXProject "gimbalsaurus" */;
			compatibilityVersion = "Xcode 13.0";
			developmentRegion = en;
			hasScannedForEncodings = 0;
			knownRegions = (
				en,
				Base,
			);
			mainGroup = 0FE37F852A36388A00322F94;
			productRefGroup = 0FE37F902A36388A00322F94 /* Products */;
			projectDirPath = "";
			projectReferences = (
				{
					ProductGroup = 0FAE1BA72A37B470007219B2 /* Products */;
					ProjectRef = 0FAE1BA62A37B470007219B2 /* LibGimbal.xcodeproj */;
				},
			);
			projectRoot = "";
			targets = (
				0FE37F8E2A36388A00322F94 /* gimbalsaurus */,
				0FE37F982A36388B00322F94 /* gimbalsaurusTests */,
			);
		};
/* End PBXProject section */

/* Begin PBXReferenceProxy section */
		0FAE1BB02A37B470007219B2 /* GimbalTests */ = {
			isa = PBXReferenceProxy;
			fileType = "compiled.mach-o.executable";
			path = GimbalTests;
			remoteRef = 0FAE1BAF2A37B470007219B2 /* PBXContainerItemProxy */;
			sourceTree = BUILT_PRODUCTS_DIR;
		};
		0FAE1BB22A37B470007219B2 /* libTinyRegexC.a */ = {
			isa = PBXReferenceProxy;
			fileType = archive.ar;
			path = libTinyRegexC.a;
			remoteRef = 0FAE1BB12A37B470007219B2 /* PBXContainerItemProxy */;
			sourceTree = BUILT_PRODUCTS_DIR;
		};
		0FAE1BB42A37B470007219B2 /* liblibGimbal.a */ = {
			isa = PBXReferenceProxy;
			fileType = archive.ar;
			path = liblibGimbal.a;
			remoteRef = 0FAE1BB32A37B470007219B2 /* PBXContainerItemProxy */;
			sourceTree = BUILT_PRODUCTS_DIR;
		};
		0FAE1BB62A37B470007219B2 /* libtinycthread.a */ = {
			isa = PBXReferenceProxy;
			fileType = archive.ar;
			path = libtinycthread.a;
			remoteRef = 0FAE1BB52A37B470007219B2 /* PBXContainerItemProxy */;
			sourceTree = BUILT_PRODUCTS_DIR;
		};
/* End PBXReferenceProxy section */

/* Begin PBXResourcesBuildPhase section */
		0FE37F8D2A36388A00322F94 /* Resources */ = {
			isa = PBXResourcesBuildPhase;
			buildActionMask = 2147483647;
			files = (
			);
			runOnlyForDeploymentPostprocessing = 0;
		};
		0FE37F972A36388B00322F94 /* Resources */ = {
			isa = PBXResourcesBuildPhase;
			buildActionMask = 2147483647;
			files = (
			);
			runOnlyForDeploymentPostprocessing = 0;
		};
/* End PBXResourcesBuildPhase section */

/* Begin PBXSourcesBuildPhase section */
		0FE37F8B2A36388A00322F94 /* Sources */ = {
			isa = PBXSourcesBuildPhase;
			buildActionMask = 2147483647;
			files = (
				0FE37F942A36388A00322F94 /* gimbalsaurus.docc in Sources */,
				0FE37FC92A3643FE00322F94 /* GblSaurusObject.m in Sources */,
			);
			runOnlyForDeploymentPostprocessing = 0;
		};
		0FE37F952A36388B00322F94 /* Sources */ = {
			isa = PBXSourcesBuildPhase;
			buildActionMask = 2147483647;
			files = (
				0FE37F9F2A36388B00322F94 /* gimbalsaurusTests.m in Sources */,
			);
			runOnlyForDeploymentPostprocessing = 0;
		};
/* End PBXSourcesBuildPhase section */

/* Begin PBXTargetDependency section */
		0FAE1BBF2A37BBA2007219B2 /* PBXTargetDependency */ = {
			isa = PBXTargetDependency;
			name = ALL_BUILD;
			targetProxy = 0FAE1BBE2A37BBA2007219B2 /* PBXContainerItemProxy */;
		};
		0FE37F9C2A36388B00322F94 /* PBXTargetDependency */ = {
			isa = PBXTargetDependency;
			target = 0FE37F8E2A36388A00322F94 /* gimbalsaurus */;
			targetProxy = 0FE37F9B2A36388B00322F94 /* PBXContainerItemProxy */;
		};
/* End PBXTargetDependency section */

/* Begin XCBuildConfiguration section */
		0FE37FA12A36388B00322F94 /* Debug */ = {
			isa = XCBuildConfiguration;
			buildSettings = {
				ALWAYS_SEARCH_USER_PATHS = YES;
				CLANG_ANALYZER_NONNULL = YES;
				CLANG_ANALYZER_NUMBER_OBJECT_CONVERSION = YES_AGGRESSIVE;
				CLANG_CXX_LANGUAGE_STANDARD = "gnu++17";
				CLANG_ENABLE_MODULES = YES;
				CLANG_ENABLE_OBJC_ARC = YES;
				CLANG_ENABLE_OBJC_WEAK = YES;
				CLANG_WARN_BLOCK_CAPTURE_AUTORELEASING = YES;
				CLANG_WARN_BOOL_CONVERSION = YES;
				CLANG_WARN_COMMA = YES;
				CLANG_WARN_CONSTANT_CONVERSION = YES;
				CLANG_WARN_DEPRECATED_OBJC_IMPLEMENTATIONS = YES;
				CLANG_WARN_DIRECT_OBJC_ISA_USAGE = YES_ERROR;
				CLANG_WARN_DOCUMENTATION_COMMENTS = YES;
				CLANG_WARN_EMPTY_BODY = YES;
				CLANG_WARN_ENUM_CONVERSION = YES;
				CLANG_WARN_INFINITE_RECURSION = YES;
				CLANG_WARN_INT_CONVERSION = YES;
				CLANG_WARN_NON_LITERAL_NULL_CONVERSION = YES;
				CLANG_WARN_OBJC_IMPLICIT_RETAIN_SELF = YES;
				CLANG_WARN_OBJC_LITERAL_CONVERSION = YES;
				CLANG_WARN_OBJC_ROOT_CLASS = YES_ERROR;
				CLANG_WARN_QUOTED_INCLUDE_IN_FRAMEWORK_HEADER = YES;
				CLANG_WARN_RANGE_LOOP_ANALYSIS = YES;
				CLANG_WARN_STRICT_PROTOTYPES = YES;
				CLANG_WARN_SUSPICIOUS_MOVE = YES;
				CLANG_WARN_UNGUARDED_AVAILABILITY = YES_AGGRESSIVE;
				CLANG_WARN_UNREACHABLE_CODE = YES;
				CLANG_WARN__DUPLICATE_METHOD_MATCH = YES;
				COPY_PHASE_STRIP = NO;
				CURRENT_PROJECT_VERSION = 1;
				DEBUG_INFORMATION_FORMAT = dwarf;
				ENABLE_STRICT_OBJC_MSGSEND = YES;
				ENABLE_TESTABILITY = YES;
				GCC_C_LANGUAGE_STANDARD = gnu11;
				GCC_DYNAMIC_NO_PIC = NO;
				GCC_NO_COMMON_BLOCKS = YES;
				GCC_OPTIMIZATION_LEVEL = 0;
				GCC_PREPROCESSOR_DEFINITIONS = (
					"DEBUG=1",
					"$(inherited)",
					"'GBL_CONFIG_ASSERT_ERROR_ENABLED=0'",
					"'GBL_CONFIG_LOG_PARTIAL_LEVEL=GBL_LOG_LEVEL_WARNING'",
					"'GBL_CONFIG_LOG_ERROR_LEVEL=GBL_LOG_LEVEL_ERROR'",
					"'GBL_CONFIG_LOG_UNKNOWN_LEVEL=GBL_LOG_LEVEL_ERROR'",
					"'GBL_CONFIG_PREFETCH_ENABLED=1'",
					"'GBL_CONFIG_ERRNO_CHECKS=1'",
					"'GBL_CONFIG_LOG_PARTIAL_ENABLED=1'",
					"'GBL_CONFIG_LOG_ERROR_ENABLED=1'",
					"'GBL_CONFIG_LOG_UNKNOWN_ENABLED=1'",
					"'GBL_CONFIG_ASSERT_PARTIAL_ENABLED=0'",
					"'GBL_CONFIG_ASSERT_ERROR_ENABLED=0'",
					"'GBL_CONFIG_ASSERT_UNKNOWN_ENABLED=0'",
				);
				GCC_WARN_64_TO_32_BIT_CONVERSION = YES;
				GCC_WARN_ABOUT_RETURN_TYPE = YES_ERROR;
				GCC_WARN_UNDECLARED_SELECTOR = YES;
				GCC_WARN_UNINITIALIZED_AUTOS = YES_AGGRESSIVE;
				GCC_WARN_UNUSED_FUNCTION = YES;
				GCC_WARN_UNUSED_VARIABLE = YES;
				MACOSX_DEPLOYMENT_TARGET = 12.1;
				MTL_ENABLE_DEBUG_INFO = INCLUDE_SOURCE;
				MTL_FAST_MATH = YES;
				ONLY_ACTIVE_ARCH = YES;
				SDKROOT = macosx;
				VERSIONING_SYSTEM = "apple-generic";
				VERSION_INFO_PREFIX = "";
			};
			name = Debug;
		};
		0FE37FA22A36388B00322F94 /* Release */ = {
			isa = XCBuildConfiguration;
			buildSettings = {
				ALWAYS_SEARCH_USER_PATHS = YES;
				CLANG_ANALYZER_NONNULL = YES;
				CLANG_ANALYZER_NUMBER_OBJECT_CONVERSION = YES_AGGRESSIVE;
				CLANG_CXX_LANGUAGE_STANDARD = "gnu++17";
				CLANG_ENABLE_MODULES = YES;
				CLANG_ENABLE_OBJC_ARC = YES;
				CLANG_ENABLE_OBJC_WEAK = YES;
				CLANG_WARN_BLOCK_CAPTURE_AUTORELEASING = YES;
				CLANG_WARN_BOOL_CONVERSION = YES;
				CLANG_WARN_COMMA = YES;
				CLANG_WARN_CONSTANT_CONVERSION = YES;
				CLANG_WARN_DEPRECATED_OBJC_IMPLEMENTATIONS = YES;
				CLANG_WARN_DIRECT_OBJC_ISA_USAGE = YES_ERROR;
				CLANG_WARN_DOCUMENTATION_COMMENTS = YES;
				CLANG_WARN_EMPTY_BODY = YES;
				CLANG_WARN_ENUM_CONVERSION = YES;
				CLANG_WARN_INFINITE_RECURSION = YES;
				CLANG_WARN_INT_CONVERSION = YES;
				CLANG_WARN_NON_LITERAL_NULL_CONVERSION = YES;
				CLANG_WARN_OBJC_IMPLICIT_RETAIN_SELF = YES;
				CLANG_WARN_OBJC_LITERAL_CONVERSION = YES;
				CLANG_WARN_OBJC_ROOT_CLASS = YES_ERROR;
				CLANG_WARN_QUOTED_INCLUDE_IN_FRAMEWORK_HEADER = YES;
				CLANG_WARN_RANGE_LOOP_ANALYSIS = YES;
				CLANG_WARN_STRICT_PROTOTYPES = YES;
				CLANG_WARN_SUSPICIOUS_MOVE = YES;
				CLANG_WARN_UNGUARDED_AVAILABILITY = YES_AGGRESSIVE;
				CLANG_WARN_UNREACHABLE_CODE = YES;
				CLANG_WARN__DUPLICATE_METHOD_MATCH = YES;
				COPY_PHASE_STRIP = NO;
				CURRENT_PROJECT_VERSION = 1;
				DEBUG_INFORMATION_FORMAT = "dwarf-with-dsym";
				ENABLE_NS_ASSERTIONS = NO;
				ENABLE_STRICT_OBJC_MSGSEND = YES;
				GCC_C_LANGUAGE_STANDARD = gnu11;
				GCC_NO_COMMON_BLOCKS = YES;
				GCC_WARN_64_TO_32_BIT_CONVERSION = YES;
				GCC_WARN_ABOUT_RETURN_TYPE = YES_ERROR;
				GCC_WARN_UNDECLARED_SELECTOR = YES;
				GCC_WARN_UNINITIALIZED_AUTOS = YES_AGGRESSIVE;
				GCC_WARN_UNUSED_FUNCTION = YES;
				GCC_WARN_UNUSED_VARIABLE = YES;
				MACOSX_DEPLOYMENT_TARGET = 12.1;
				MTL_ENABLE_DEBUG_INFO = NO;
				MTL_FAST_MATH = YES;
				SDKROOT = macosx;
				VERSIONING_SYSTEM = "apple-generic";
				VERSION_INFO_PREFIX = "";
			};
			name = Release;
		};
		0FE37FA42A36388B00322F94 /* Debug */ = {
			isa = XCBuildConfiguration;
			buildSettings = {
				ALWAYS_SEARCH_USER_PATHS = YES;
				CODE_SIGN_STYLE = Automatic;
				COMBINE_HIDPI_IMAGES = YES;
				CURRENT_PROJECT_VERSION = 1;
				DEFINES_MODULE = YES;
				DEVELOPMENT_TEAM = TA9QDV9Z9L;
				DYLIB_COMPATIBILITY_VERSION = 1;
				DYLIB_CURRENT_VERSION = 1;
				DYLIB_INSTALL_NAME_BASE = "@rpath";
				FRAMEWORK_SEARCH_PATHS = "";
				GENERATE_INFOPLIST_FILE = YES;
				HEADER_SEARCH_PATHS = (
					"../build/lib/**",
					"../libgimbal/lib/api/**",
					"../libgimbal/lib/lib/tiny-regex-c/**",
					"../libgimbal/lib/lib/tinycthread/**",
				);
				INFOPLIST_KEY_NSHumanReadableCopyright = "";
				INSTALL_PATH = "$(LOCAL_LIBRARY_DIR)/Frameworks";
				LD_RUNPATH_SEARCH_PATHS = (
					"$(inherited)",
					"@executable_path/../Frameworks",
					"@loader_path/Frameworks",
				);
				MARKETING_VERSION = 1.0;
				PRODUCT_BUNDLE_IDENTIFIER = ca.andrewapperley.gimbalsaurus;
				PRODUCT_NAME = "$(TARGET_NAME:c99extidentifier)";
				SKIP_INSTALL = YES;
				SWIFT_EMIT_LOC_STRINGS = YES;
				USER_HEADER_SEARCH_PATHS = "";
			};
			name = Debug;
		};
		0FE37FA52A36388B00322F94 /* Release */ = {
			isa = XCBuildConfiguration;
			buildSettings = {
				ALWAYS_SEARCH_USER_PATHS = YES;
				CODE_SIGN_STYLE = Automatic;
				COMBINE_HIDPI_IMAGES = YES;
				CURRENT_PROJECT_VERSION = 1;
				DEFINES_MODULE = YES;
				DEVELOPMENT_TEAM = TA9QDV9Z9L;
				DYLIB_COMPATIBILITY_VERSION = 1;
				DYLIB_CURRENT_VERSION = 1;
				DYLIB_INSTALL_NAME_BASE = "@rpath";
				FRAMEWORK_SEARCH_PATHS = "";
				GENERATE_INFOPLIST_FILE = YES;
				HEADER_SEARCH_PATHS = (
					"../build/lib/**",
					"../libgimbal/lib/api/**",
					"../libgimbal/lib/lib/tiny-regex-c/**",
					"../libgimbal/lib/lib/tinycthread/**",
				);
				INFOPLIST_KEY_NSHumanReadableCopyright = "";
				INSTALL_PATH = "$(LOCAL_LIBRARY_DIR)/Frameworks";
				LD_RUNPATH_SEARCH_PATHS = (
					"$(inherited)",
					"@executable_path/../Frameworks",
					"@loader_path/Frameworks",
				);
				MARKETING_VERSION = 1.0;
				PRODUCT_BUNDLE_IDENTIFIER = ca.andrewapperley.gimbalsaurus;
				PRODUCT_NAME = "$(TARGET_NAME:c99extidentifier)";
				SKIP_INSTALL = YES;
				SWIFT_EMIT_LOC_STRINGS = YES;
				USER_HEADER_SEARCH_PATHS = "";
			};
			name = Release;
		};
		0FE37FA72A36388B00322F94 /* Debug */ = {
			isa = XCBuildConfiguration;
			buildSettings = {
				CODE_SIGN_STYLE = Automatic;
				CURRENT_PROJECT_VERSION = 1;
				DEVELOPMENT_TEAM = TA9QDV9Z9L;
				GENERATE_INFOPLIST_FILE = YES;
				MARKETING_VERSION = 1.0;
				PRODUCT_BUNDLE_IDENTIFIER = ca.andrewapperley.gimbalsaurusTests;
				PRODUCT_NAME = "$(TARGET_NAME)";
				SWIFT_EMIT_LOC_STRINGS = NO;
			};
			name = Debug;
		};
		0FE37FA82A36388B00322F94 /* Release */ = {
			isa = XCBuildConfiguration;
			buildSettings = {
				CODE_SIGN_STYLE = Automatic;
				CURRENT_PROJECT_VERSION = 1;
				DEVELOPMENT_TEAM = TA9QDV9Z9L;
				GENERATE_INFOPLIST_FILE = YES;
				MARKETING_VERSION = 1.0;
				PRODUCT_BUNDLE_IDENTIFIER = ca.andrewapperley.gimbalsaurusTests;
				PRODUCT_NAME = "$(TARGET_NAME)";
				SWIFT_EMIT_LOC_STRINGS = NO;
			};
			name = Release;
		};
/* End XCBuildConfiguration section */

/* Begin XCConfigurationList section */
		0FE37F892A36388A00322F94 /* Build configuration list for PBXProject "gimbalsaurus" */ = {
			isa = XCConfigurationList;
			buildConfigurations = (
				0FE37FA12A36388B00322F94 /* Debug */,
				0FE37FA22A36388B00322F94 /* Release */,
			);
			defaultConfigurationIsVisible = 0;
			defaultConfigurationName = Release;
		};
		0FE37FA32A36388B00322F94 /* Build configuration list for PBXNativeTarget "gimbalsaurus" */ = {
			isa = XCConfigurationList;
			buildConfigurations = (
				0FE37FA42A36388B00322F94 /* Debug */,
				0FE37FA52A36388B00322F94 /* Release */,
			);
			defaultConfigurationIsVisible = 0;
			defaultConfigurationName = Release;
		};
		0FE37FA62A36388B00322F94 /* Build configuration list for PBXNativeTarget "gimbalsaurusTests" */ = {
			isa = XCConfigurationList;
			buildConfigurations = (
				0FE37FA72A36388B00322F94 /* Debug */,
				0FE37FA82A36388B00322F94 /* Release */,
			);
			defaultConfigurationIsVisible = 0;
			defaultConfigurationName = Release;
		};
/* End XCConfigurationList section */
	};
	rootObject = 0FE37F862A36388A00322F94 /* Project object */;
}
